// !$*UTF8*$!
{
	archiveVersion = 1;
	classes = {
	};
	objectVersion = 77;
	objects = {

/* Begin PBXBuildFile section */
		407E392B2EF1D85000D78F3F /* AppIos.xcframework in Frameworks */ = {isa = PBXBuildFile; fileRef = 407E392A2EF1D85000D78F3F /* AppIos.xcframework */; };
		407E392C2EF1D85000D78F3F /* AppIos.xcframework in Embed Frameworks */ = {isa = PBXBuildFile; fileRef = 407E392A2EF1D85000D78F3F /* AppIos.xcframework */; settings = {ATTRIBUTES = (CodeSignOnCopy, RemoveHeadersOnCopy, ); }; };
		40D2A1AB2F0A000100ABCD02 /* compose-resources in Resources */ = {isa = PBXBuildFile; fileRef = 40D2A1AA2F0A000100ABCD01 /* compose-resources */; };
/* End PBXBuildFile section */

/* Begin PBXContainerItemProxy section */
		401127AA2EE7611E00FDCDE6 /* PBXContainerItemProxy */ = {
			isa = PBXContainerItemProxy;
			containerPortal = 401127942EE7611D00FDCDE6 /* Project object */;
			proxyType = 1;
			remoteGlobalIDString = 4011279B2EE7611D00FDCDE6;
			remoteInfo = Vtempe;
		};
		401127B42EE7611E00FDCDE6 /* PBXContainerItemProxy */ = {
			isa = PBXContainerItemProxy;
			containerPortal = 401127942EE7611D00FDCDE6 /* Project object */;
			proxyType = 1;
			remoteGlobalIDString = 4011279B2EE7611D00FDCDE6;
			remoteInfo = Vtempe;
		};
/* End PBXContainerItemProxy section */

/* Begin PBXCopyFilesBuildPhase section */
		40C3A4512EE89E8400FE369C /* Embed Frameworks */ = {
			isa = PBXCopyFilesBuildPhase;
			buildActionMask = 2147483647;
			dstPath = "";
			dstSubfolderSpec = 10;
			files = (
				407E392C2EF1D85000D78F3F /* AppIos.xcframework in Embed Frameworks */,
			);
			name = "Embed Frameworks";
			runOnlyForDeploymentPostprocessing = 0;
		};
/* End PBXCopyFilesBuildPhase section */

/* Begin PBXFileReference section */
		4011279C2EE7611D00FDCDE6 /* Vtempe.app */ = {isa = PBXFileReference; explicitFileType = wrapper.application; includeInIndex = 0; path = Vtempe.app; sourceTree = BUILT_PRODUCTS_DIR; };
		401127A92EE7611E00FDCDE6 /* VtempeTests.xctest */ = {isa = PBXFileReference; explicitFileType = wrapper.cfbundle; includeInIndex = 0; path = VtempeTests.xctest; sourceTree = BUILT_PRODUCTS_DIR; };
		401127B32EE7611E00FDCDE6 /* VtempeUITests.xctest */ = {isa = PBXFileReference; explicitFileType = wrapper.cfbundle; includeInIndex = 0; path = VtempeUITests.xctest; sourceTree = BUILT_PRODUCTS_DIR; };
		407E392A2EF1D85000D78F3F /* AppIos.xcframework */ = {isa = PBXFileReference; lastKnownFileType = wrapper.xcframework; name = AppIos.xcframework; path = "../../app-ios/build/XCFrameworks/debug/AppIos.xcframework"; sourceTree = "<group>"; };
		40D2A1AA2F0A000100ABCD01 /* compose-resources */ = {isa = PBXFileReference; lastKnownFileType = folder; name = "compose-resources"; path = "../../app-ios/build/compose-resources"; sourceTree = "<group>"; };
/* End PBXFileReference section */

/* Begin PBXFileSystemSynchronizedBuildFileExceptionSet section */
		40851AD32FDEDDAE005305B6 /* Exceptions for "Vtempe" folder in "Vtempe" target */ = {
			isa = PBXFileSystemSynchronizedBuildFileExceptionSet;
			membershipExceptions = (
				Info.plist,
			);
			target = 4011279B2EE7611D00FDCDE6 /* Vtempe */;
		};
/* End PBXFileSystemSynchronizedBuildFileExceptionSet section */

/* Begin PBXFileSystemSynchronizedRootGroup section */
		4011279E2EE7611D00FDCDE6 /* Vtempe */ = {
			isa = PBXFileSystemSynchronizedRootGroup;
			exceptions = (
				40851AD32FDEDDAE005305B6 /* Exceptions for "Vtempe" folder in "Vtempe" target */,
			);
			path = Vtempe;
			sourceTree = "<group>";
		};
		401127AC2EE7611E00FDCDE6 /* VtempeTests */ = {
			isa = PBXFileSystemSynchronizedRootGroup;
			path = VtempeTests;
			sourceTree = "<group>";
		};
		401127B62EE7611E00FDCDE6 /* VtempeUITests */ = {
			isa = PBXFileSystemSynchronizedRootGroup;
			path = VtempeUITests;
			sourceTree = "<group>";
		};
/* End PBXFileSystemSynchronizedRootGroup section */

/* Begin PBXFrameworksBuildPhase section */
		401127992EE7611D00FDCDE6 /* Frameworks */ = {
			isa = PBXFrameworksBuildPhase;
			buildActionMask = 2147483647;
			files = (
				407E392B2EF1D85000D78F3F /* AppIos.xcframework in Frameworks */,
			);
			runOnlyForDeploymentPostprocessing = 0;
		};
		401127A62EE7611E00FDCDE6 /* Frameworks */ = {
			isa = PBXFrameworksBuildPhase;
			buildActionMask = 2147483647;
			files = (
			);
			runOnlyForDeploymentPostprocessing = 0;
		};
		401127B02EE7611E00FDCDE6 /* Frameworks */ = {
			isa = PBXFrameworksBuildPhase;
			buildActionMask = 2147483647;
			files = (
			);
			runOnlyForDeploymentPostprocessing = 0;
		};
/* End PBXFrameworksBuildPhase section */

/* Begin PBXGroup section */
		401127932EE7611D00FDCDE6 = {
			isa = PBXGroup;
			children = (
				4011279E2EE7611D00FDCDE6 /* Vtempe */,
				401127AC2EE7611E00FDCDE6 /* VtempeTests */,
				401127B62EE7611E00FDCDE6 /* VtempeUITests */,
				40C3A4442EE890B600FE369C /* Frameworks */,
				4011279D2EE7611D00FDCDE6 /* Products */,
			);
			sourceTree = "<group>";
		};
		4011279D2EE7611D00FDCDE6 /* Products */ = {
			isa = PBXGroup;
			children = (
				4011279C2EE7611D00FDCDE6 /* Vtempe.app */,
				401127A92EE7611E00FDCDE6 /* VtempeTests.xctest */,
				401127B32EE7611E00FDCDE6 /* VtempeUITests.xctest */,
			);
			name = Products;
			sourceTree = "<group>";
		};
		40C3A4442EE890B600FE369C /* Frameworks */ = {
			isa = PBXGroup;
			children = (
				407E392A2EF1D85000D78F3F /* AppIos.xcframework */,
				40D2A1AA2F0A000100ABCD01 /* compose-resources */,
			);
			name = Frameworks;
			sourceTree = "<group>";
		};
/* End PBXGroup section */

/* Begin PBXNativeTarget section */
		4011279B2EE7611D00FDCDE6 /* Vtempe */ = {
			isa = PBXNativeTarget;
			buildConfigurationList = 401127BD2EE7611E00FDCDE6 /* Build configuration list for PBXNativeTarget "Vtempe" */;
			buildPhases = (
				401127982EE7611D00FDCDE6 /* Sources */,
				40D2A1AC2F0A000100ABCD03 /* Build Kotlin (XCFramework + Resources) */,
				401127992EE7611D00FDCDE6 /* Frameworks */,
				4011279A2EE7611D00FDCDE6 /* Resources */,
				40C3A4512EE89E8400FE369C /* Embed Frameworks */,
			);
			buildRules = (
			);
			dependencies = (
			);
			fileSystemSynchronizedGroups = (
				4011279E2EE7611D00FDCDE6 /* Vtempe */,
			);
			name = Vtempe;
			packageProductDependencies = (
			);
			productName = Vtempe;
			productReference = 4011279C2EE7611D00FDCDE6 /* Vtempe.app */;
			productType = "com.apple.product-type.application";
		};
		401127A82EE7611E00FDCDE6 /* VtempeTests */ = {
			isa = PBXNativeTarget;
			buildConfigurationList = 401127C02EE7611E00FDCDE6 /* Build configuration list for PBXNativeTarget "VtempeTests" */;
			buildPhases = (
				401127A52EE7611E00FDCDE6 /* Sources */,
				401127A62EE7611E00FDCDE6 /* Frameworks */,
				401127A72EE7611E00FDCDE6 /* Resources */,
			);
			buildRules = (
			);
			dependencies = (
				401127AB2EE7611E00FDCDE6 /* PBXTargetDependency */,
			);
			fileSystemSynchronizedGroups = (
				401127AC2EE7611E00FDCDE6 /* VtempeTests */,
			);
			name = VtempeTests;
			packageProductDependencies = (
			);
			productName = VtempeTests;
			productReference = 401127A92EE7611E00FDCDE6 /* VtempeTests.xctest */;
			productType = "com.apple.product-type.bundle.unit-test";
		};
		401127B22EE7611E00FDCDE6 /* VtempeUITests */ = {
			isa = PBXNativeTarget;
			buildConfigurationList = 401127C32EE7611E00FDCDE6 /* Build configuration list for PBXNativeTarget "VtempeUITests" */;
			buildPhases = (
				401127AF2EE7611E00FDCDE6 /* Sources */,
				401127B02EE7611E00FDCDE6 /* Frameworks */,
				401127B12EE7611E00FDCDE6 /* Resources */,
			);
			buildRules = (
			);
			dependencies = (
				401127B52EE7611E00FDCDE6 /* PBXTargetDependency */,
			);
			fileSystemSynchronizedGroups = (
				401127B62EE7611E00FDCDE6 /* VtempeUITests */,
			);
			name = VtempeUITests;
			packageProductDependencies = (
			);
			productName = VtempeUITests;
			productReference = 401127B32EE7611E00FDCDE6 /* VtempeUITests.xctest */;
			productType = "com.apple.product-type.bundle.ui-testing";
		};
/* End PBXNativeTarget section */

/* Begin PBXProject section */
		401127942EE7611D00FDCDE6 /* Project object */ = {
			isa = PBXProject;
			attributes = {
				BuildIndependentTargetsInParallel = 1;
				LastSwiftUpdateCheck = 2610;
				LastUpgradeCheck = 2610;
				TargetAttributes = {
					4011279B2EE7611D00FDCDE6 = {
						CreatedOnToolsVersion = 26.1.1;
					};
					401127A82EE7611E00FDCDE6 = {
						CreatedOnToolsVersion = 26.1.1;
						TestTargetID = 4011279B2EE7611D00FDCDE6;
					};
					401127B22EE7611E00FDCDE6 = {
						CreatedOnToolsVersion = 26.1.1;
						TestTargetID = 4011279B2EE7611D00FDCDE6;
					};
				};
			};
			buildConfigurationList = 401127972EE7611D00FDCDE6 /* Build configuration list for PBXProject "Vtempe" */;
			developmentRegion = en;
			hasScannedForEncodings = 0;
			knownRegions = (
				en,
				Base,
			);
			mainGroup = 401127932EE7611D00FDCDE6;
			minimizedProjectReferenceProxies = 1;
			preferredProjectObjectVersion = 77;
			productRefGroup = 4011279D2EE7611D00FDCDE6 /* Products */;
			projectDirPath = "";
			projectRoot = "";
			targets = (
				4011279B2EE7611D00FDCDE6 /* Vtempe */,
				401127A82EE7611E00FDCDE6 /* VtempeTests */,
				401127B22EE7611E00FDCDE6 /* VtempeUITests */,
			);
		};
/* End PBXProject section */

/* Begin PBXResourcesBuildPhase section */
		4011279A2EE7611D00FDCDE6 /* Resources */ = {
			isa = PBXResourcesBuildPhase;
			buildActionMask = 2147483647;
			files = (
				40D2A1AB2F0A000100ABCD02 /* compose-resources in Resources */,
			);
			runOnlyForDeploymentPostprocessing = 0;
		};
		401127A72EE7611E00FDCDE6 /* Resources */ = {
			isa = PBXResourcesBuildPhase;
			buildActionMask = 2147483647;
			files = (
			);
			runOnlyForDeploymentPostprocessing = 0;
		};
		401127B12EE7611E00FDCDE6 /* Resources */ = {
			isa = PBXResourcesBuildPhase;
			buildActionMask = 2147483647;
			files = (
			);
			runOnlyForDeploymentPostprocessing = 0;
		};
/* End PBXResourcesBuildPhase section */

/* Begin PBXShellScriptBuildPhase section */
		40D2A1AC2F0A000100ABCD03 /* Build Kotlin (XCFramework + Resources) */ = {
			isa = PBXShellScriptBuildPhase;
			alwaysOutOfDate = 1;
			buildActionMask = 2147483647;
			files = (
			);
			inputPaths = (
			);
			name = "Build Kotlin (XCFramework + Resources)";
			outputPaths = (
			);
			runOnlyForDeploymentPostprocessing = 0;
			shellPath = /bin/sh;
			shellScript = "set -eu; set -x; ROOT=$(cd \"$SRCROOT/../..\" && pwd); GRADLEW=\"$ROOT/gradlew\"; if [ -z \"${JAVA_HOME:-}\" ]; then JAVA_HOME=$(/usr/libexec/java_home -v 17 2>/dev/null || true); export JAVA_HOME; fi; if [ ! -x \"$GRADLEW\" ]; then chmod +x \"$GRADLEW\"; fi; CONFIG=\"${CONFIGURATION:-Debug}\"; TASK=\":app-ios:assembleAppIos${CONFIG}XCFramework\"; cd \"$ROOT\"; \"$GRADLEW\" --no-daemon \"$TASK\" :app-ios:prepareComposeResourcesForXcode;";
		};
/* End PBXShellScriptBuildPhase section */

/* Begin PBXSourcesBuildPhase section */
		401127982EE7611D00FDCDE6 /* Sources */ = {
			isa = PBXSourcesBuildPhase;
			buildActionMask = 2147483647;
			files = (
			);
			runOnlyForDeploymentPostprocessing = 0;
		};
		401127A52EE7611E00FDCDE6 /* Sources */ = {
			isa = PBXSourcesBuildPhase;
			buildActionMask = 2147483647;
			files = (
			);
			runOnlyForDeploymentPostprocessing = 0;
		};
		401127AF2EE7611E00FDCDE6 /* Sources */ = {
			isa = PBXSourcesBuildPhase;
			buildActionMask = 2147483647;
			files = (
			);
			runOnlyForDeploymentPostprocessing = 0;
		};
/* End PBXSourcesBuildPhase section */

/* Begin PBXTargetDependency section */
		401127AB2EE7611E00FDCDE6 /* PBXTargetDependency */ = {
			isa = PBXTargetDependency;
			target = 4011279B2EE7611D00FDCDE6 /* Vtempe */;
			targetProxy = 401127AA2EE7611E00FDCDE6 /* PBXContainerItemProxy */;
		};
		401127B52EE7611E00FDCDE6 /* PBXTargetDependency */ = {
			isa = PBXTargetDependency;
			target = 4011279B2EE7611D00FDCDE6 /* Vtempe */;
			targetProxy = 401127B42EE7611E00FDCDE6 /* PBXContainerItemProxy */;
		};
/* End PBXTargetDependency section */

/* Begin XCBuildConfiguration section */
		401127BB2EE7611E00FDCDE6 /* Debug */ = {
			isa = XCBuildConfiguration;
			buildSettings = {
				ALWAYS_SEARCH_USER_PATHS = NO;
				ASSETCATALOG_COMPILER_GENERATE_SWIFT_ASSET_SYMBOL_EXTENSIONS = YES;
				CLANG_ANALYZER_NONNULL = YES;
				CLANG_ANALYZER_NUMBER_OBJECT_CONVERSION = YES_AGGRESSIVE;
				CLANG_CXX_LANGUAGE_STANDARD = "gnu++20";
				CLANG_ENABLE_MODULES = YES;
				CLANG_ENABLE_OBJC_ARC = YES;
				CLANG_ENABLE_OBJC_WEAK = YES;
				CLANG_WARN_BLOCK_CAPTURE_AUTORELEASING = YES;
				CLANG_WARN_BOOL_CONVERSION = YES;
				CLANG_WARN_COMMA = YES;
				CLANG_WARN_CONSTANT_CONVERSION = YES;
				CLANG_WARN_DEPRECATED_OBJC_IMPLEMENTATIONS = YES;
				CLANG_WARN_DIRECT_OBJC_ISA_USAGE = YES_ERROR;
				CLANG_WARN_DOCUMENTATION_COMMENTS = YES;
				CLANG_WARN_EMPTY_BODY = YES;
				CLANG_WARN_ENUM_CONVERSION = YES;
				CLANG_WARN_INFINITE_RECURSION = YES;
				CLANG_WARN_INT_CONVERSION = YES;
				CLANG_WARN_NON_LITERAL_NULL_CONVERSION = YES;
				CLANG_WARN_OBJC_IMPLICIT_RETAIN_SELF = YES;
				CLANG_WARN_OBJC_LITERAL_CONVERSION = YES;
				CLANG_WARN_OBJC_ROOT_CLASS = YES_ERROR;
				CLANG_WARN_QUOTED_INCLUDE_IN_FRAMEWORK_HEADER = YES;
				CLANG_WARN_RANGE_LOOP_ANALYSIS = YES;
				CLANG_WARN_STRICT_PROTOTYPES = YES;
				CLANG_WARN_SUSPICIOUS_MOVE = YES;
				CLANG_WARN_UNGUARDED_AVAILABILITY = YES_AGGRESSIVE;
				CLANG_WARN_UNREACHABLE_CODE = YES;
				CLANG_WARN__DUPLICATE_METHOD_MATCH = YES;
				COPY_PHASE_STRIP = NO;
				DEBUG_INFORMATION_FORMAT = dwarf;
				ENABLE_STRICT_OBJC_MSGSEND = YES;
				ENABLE_TESTABILITY = YES;
				ENABLE_USER_SCRIPT_SANDBOXING = NO;
				GCC_C_LANGUAGE_STANDARD = gnu17;
				GCC_DYNAMIC_NO_PIC = NO;
				GCC_NO_COMMON_BLOCKS = YES;
				GCC_OPTIMIZATION_LEVEL = 0;
				GCC_PREPROCESSOR_DEFINITIONS = (
					"DEBUG=1",
					"$(inherited)",
				);
				GCC_WARN_64_TO_32_BIT_CONVERSION = YES;
				GCC_WARN_ABOUT_RETURN_TYPE = YES_ERROR;
				GCC_WARN_UNDECLARED_SELECTOR = YES;
				GCC_WARN_UNINITIALIZED_AUTOS = YES_AGGRESSIVE;
				GCC_WARN_UNUSED_FUNCTION = YES;
				GCC_WARN_UNUSED_VARIABLE = YES;
				LOCALIZATION_PREFERS_STRING_CATALOGS = YES;
				MTL_ENABLE_DEBUG_INFO = INCLUDE_SOURCE;
				MTL_FAST_MATH = YES;
				ONLY_ACTIVE_ARCH = YES;
				SWIFT_ACTIVE_COMPILATION_CONDITIONS = "DEBUG $(inherited)";
				SWIFT_OPTIMIZATION_LEVEL = "-Onone";
			};
			name = Debug;
		};
		401127BC2EE7611E00FDCDE6 /* Release */ = {
			isa = XCBuildConfiguration;
			buildSettings = {
				ALWAYS_SEARCH_USER_PATHS = NO;
				ASSETCATALOG_COMPILER_GENERATE_SWIFT_ASSET_SYMBOL_EXTENSIONS = YES;
				CLANG_ANALYZER_NONNULL = YES;
				CLANG_ANALYZER_NUMBER_OBJECT_CONVERSION = YES_AGGRESSIVE;
				CLANG_CXX_LANGUAGE_STANDARD = "gnu++20";
				CLANG_ENABLE_MODULES = YES;
				CLANG_ENABLE_OBJC_ARC = YES;
				CLANG_ENABLE_OBJC_WEAK = YES;
				CLANG_WARN_BLOCK_CAPTURE_AUTORELEASING = YES;
				CLANG_WARN_BOOL_CONVERSION = YES;
				CLANG_WARN_COMMA = YES;
				CLANG_WARN_CONSTANT_CONVERSION = YES;
				CLANG_WARN_DEPRECATED_OBJC_IMPLEMENTATIONS = YES;
				CLANG_WARN_DIRECT_OBJC_ISA_USAGE = YES_ERROR;
				CLANG_WARN_DOCUMENTATION_COMMENTS = YES;
				CLANG_WARN_EMPTY_BODY = YES;
				CLANG_WARN_ENUM_CONVERSION = YES;
				CLANG_WARN_INFINITE_RECURSION = YES;
				CLANG_WARN_INT_CONVERSION = YES;
				CLANG_WARN_NON_LITERAL_NULL_CONVERSION = YES;
				CLANG_WARN_OBJC_IMPLICIT_RETAIN_SELF = YES;
				CLANG_WARN_OBJC_LITERAL_CONVERSION = YES;
				CLANG_WARN_OBJC_ROOT_CLASS = YES_ERROR;
				CLANG_WARN_QUOTED_INCLUDE_IN_FRAMEWORK_HEADER = YES;
				CLANG_WARN_RANGE_LOOP_ANALYSIS = YES;
				CLANG_WARN_STRICT_PROTOTYPES = YES;
				CLANG_WARN_SUSPICIOUS_MOVE = YES;
				CLANG_WARN_UNGUARDED_AVAILABILITY = YES_AGGRESSIVE;
				CLANG_WARN_UNREACHABLE_CODE = YES;
				CLANG_WARN__DUPLICATE_METHOD_MATCH = YES;
				COPY_PHASE_STRIP = NO;
				DEBUG_INFORMATION_FORMAT = "dwarf-with-dsym";
				ENABLE_NS_ASSERTIONS = NO;
				ENABLE_STRICT_OBJC_MSGSEND = YES;
				ENABLE_USER_SCRIPT_SANDBOXING = NO;
				GCC_C_LANGUAGE_STANDARD = gnu17;
				GCC_NO_COMMON_BLOCKS = YES;
				GCC_WARN_64_TO_32_BIT_CONVERSION = YES;
				GCC_WARN_ABOUT_RETURN_TYPE = YES_ERROR;
				GCC_WARN_UNDECLARED_SELECTOR = YES;
				GCC_WARN_UNINITIALIZED_AUTOS = YES_AGGRESSIVE;
				GCC_WARN_UNUSED_FUNCTION = YES;
				GCC_WARN_UNUSED_VARIABLE = YES;
				LOCALIZATION_PREFERS_STRING_CATALOGS = YES;
				MTL_ENABLE_DEBUG_INFO = NO;
				MTL_FAST_MATH = YES;
				SWIFT_COMPILATION_MODE = wholemodule;
			};
			name = Release;
		};
		401127BE2EE7611E00FDCDE6 /* Debug */ = {
			isa = XCBuildConfiguration;
			buildSettings = {
				ASSETCATALOG_COMPILER_APPICON_NAME = AppIcon;
				ASSETCATALOG_COMPILER_GLOBAL_ACCENT_COLOR_NAME = AccentColor;
				CODE_SIGN_STYLE = Automatic;
				CURRENT_PROJECT_VERSION = 1;
				ENABLE_APP_SANDBOX = YES;
				ENABLE_PREVIEWS = YES;
				ENABLE_USER_SELECTED_FILES = readonly;
				GENERATE_INFOPLIST_FILE = YES;
				INFOPLIST_FILE = Vtempe/Info.plist;
				"INFOPLIST_KEY_API_BASE_URL[sdk=iphoneos*]" = "http://localhost:8081";
				"INFOPLIST_KEY_API_BASE_URL[sdk=iphonesimulator*]" = "http://localhost:8081";
				"INFOPLIST_KEY_CADisableMinimumFrameDurationOnPhone[sdk=iphoneos*]" = YES;
				"INFOPLIST_KEY_CADisableMinimumFrameDurationOnPhone[sdk=iphonesimulator*]" = YES;
				"INFOPLIST_KEY_UIApplicationSceneManifest_Generation[sdk=iphoneos*]" = NO;
				"INFOPLIST_KEY_UIApplicationSceneManifest_Generation[sdk=iphonesimulator*]" = NO;
				"INFOPLIST_KEY_UIApplicationSupportsIndirectInputEvents[sdk=iphoneos*]" = YES;
				"INFOPLIST_KEY_UIApplicationSupportsIndirectInputEvents[sdk=iphonesimulator*]" = YES;
				"INFOPLIST_KEY_UILaunchScreen_Generation[sdk=iphoneos*]" = YES;
				"INFOPLIST_KEY_UILaunchScreen_Generation[sdk=iphonesimulator*]" = YES;
				"INFOPLIST_KEY_UIStatusBarStyle[sdk=iphoneos*]" = UIStatusBarStyleDefault;
				"INFOPLIST_KEY_UIStatusBarStyle[sdk=iphonesimulator*]" = UIStatusBarStyleDefault;
				INFOPLIST_KEY_UISupportedInterfaceOrientations_iPad = "UIInterfaceOrientationPortrait UIInterfaceOrientationPortraitUpsideDown UIInterfaceOrientationLandscapeLeft UIInterfaceOrientationLandscapeRight";
				INFOPLIST_KEY_UISupportedInterfaceOrientations_iPhone = "UIInterfaceOrientationPortrait UIInterfaceOrientationLandscapeLeft UIInterfaceOrientationLandscapeRight";
				IPHONEOS_DEPLOYMENT_TARGET = 26.1;
				LD_RUNPATH_SEARCH_PATHS = "@executable_path/Frameworks";
				"LD_RUNPATH_SEARCH_PATHS[sdk=macosx*]" = "@executable_path/../Frameworks";
				MACOSX_DEPLOYMENT_TARGET = 26.1;
				MARKETING_VERSION = 1.0;
				PRODUCT_BUNDLE_IDENTIFIER = com.abraham.Vtempe;
				PRODUCT_NAME = "$(TARGET_NAME)";
				REGISTER_APP_GROUPS = YES;
				SDKROOT = auto;
				STRING_CATALOG_GENERATE_SYMBOLS = YES;
				SUPPORTED_PLATFORMS = "iphoneos iphonesimulator macosx xros xrsimulator";
				SWIFT_APPROACHABLE_CONCURRENCY = YES;
				SWIFT_DEFAULT_ACTOR_ISOLATION = MainActor;
				SWIFT_EMIT_LOC_STRINGS = YES;
				SWIFT_UPCOMING_FEATURE_MEMBER_IMPORT_VISIBILITY = YES;
				SWIFT_VERSION = 5.0;
				TARGETED_DEVICE_FAMILY = "1,2,7";
				XROS_DEPLOYMENT_TARGET = 26.1;
			};
			name = Debug;
		};
		401127BF2EE7611E00FDCDE6 /* Release */ = {
			isa = XCBuildConfiguration;
			buildSettings = {
				ASSETCATALOG_COMPILER_APPICON_NAME = AppIcon;
				ASSETCATALOG_COMPILER_GLOBAL_ACCENT_COLOR_NAME = AccentColor;
				CODE_SIGN_STYLE = Automatic;
				CURRENT_PROJECT_VERSION = 1;
				ENABLE_APP_SANDBOX = YES;
				ENABLE_PREVIEWS = YES;
				ENABLE_USER_SELECTED_FILES = readonly;
				GENERATE_INFOPLIST_FILE = YES;
				INFOPLIST_FILE = Vtempe/Info.plist;
				"INFOPLIST_KEY_API_BASE_URL[sdk=iphoneos*]" = "https://api.example.com";
				"INFOPLIST_KEY_API_BASE_URL[sdk=iphonesimulator*]" = "https://api.example.com";
				"INFOPLIST_KEY_CADisableMinimumFrameDurationOnPhone[sdk=iphoneos*]" = YES;
				"INFOPLIST_KEY_CADisableMinimumFrameDurationOnPhone[sdk=iphonesimulator*]" = YES;
				"INFOPLIST_KEY_UIApplicationSceneManifest_Generation[sdk=iphoneos*]" = NO;
				"INFOPLIST_KEY_UIApplicationSceneManifest_Generation[sdk=iphonesimulator*]" = NO;
				"INFOPLIST_KEY_UIApplicationSupportsIndirectInputEvents[sdk=iphoneos*]" = YES;
				"INFOPLIST_KEY_UIApplicationSupportsIndirectInputEvents[sdk=iphonesimulator*]" = YES;
				"INFOPLIST_KEY_UILaunchScreen_Generation[sdk=iphoneos*]" = YES;
				"INFOPLIST_KEY_UILaunchScreen_Generation[sdk=iphonesimulator*]" = YES;
				"INFOPLIST_KEY_UIStatusBarStyle[sdk=iphoneos*]" = UIStatusBarStyleDefault;
				"INFOPLIST_KEY_UIStatusBarStyle[sdk=iphonesimulator*]" = UIStatusBarStyleDefault;
				INFOPLIST_KEY_UISupportedInterfaceOrientations_iPad = "UIInterfaceOrientationPortrait UIInterfaceOrientationPortraitUpsideDown UIInterfaceOrientationLandscapeLeft UIInterfaceOrientationLandscapeRight";
				INFOPLIST_KEY_UISupportedInterfaceOrientations_iPhone = "UIInterfaceOrientationPortrait UIInterfaceOrientationLandscapeLeft UIInterfaceOrientationLandscapeRight";
				IPHONEOS_DEPLOYMENT_TARGET = 26.1;
				LD_RUNPATH_SEARCH_PATHS = "@executable_path/Frameworks";
				"LD_RUNPATH_SEARCH_PATHS[sdk=macosx*]" = "@executable_path/../Frameworks";
				MACOSX_DEPLOYMENT_TARGET = 26.1;
				MARKETING_VERSION = 1.0;
				PRODUCT_BUNDLE_IDENTIFIER = com.abraham.Vtempe;
				PRODUCT_NAME = "$(TARGET_NAME)";
				REGISTER_APP_GROUPS = YES;
				SDKROOT = auto;
				STRING_CATALOG_GENERATE_SYMBOLS = YES;
				SUPPORTED_PLATFORMS = "iphoneos iphonesimulator macosx xros xrsimulator";
				SWIFT_APPROACHABLE_CONCURRENCY = YES;
				SWIFT_DEFAULT_ACTOR_ISOLATION = MainActor;
				SWIFT_EMIT_LOC_STRINGS = YES;
				SWIFT_UPCOMING_FEATURE_MEMBER_IMPORT_VISIBILITY = YES;
				SWIFT_VERSION = 5.0;
				TARGETED_DEVICE_FAMILY = "1,2,7";
				XROS_DEPLOYMENT_TARGET = 26.1;
			};
			name = Release;
		};
		401127C12EE7611E00FDCDE6 /* Debug */ = {
			isa = XCBuildConfiguration;
			buildSettings = {
				BUNDLE_LOADER = "$(TEST_HOST)";
				CODE_SIGN_STYLE = Automatic;
				CURRENT_PROJECT_VERSION = 1;
				GENERATE_INFOPLIST_FILE = YES;
				IPHONEOS_DEPLOYMENT_TARGET = 26.1;
				MACOSX_DEPLOYMENT_TARGET = 26.1;
				MARKETING_VERSION = 1.0;
				PRODUCT_BUNDLE_IDENTIFIER = com.abraham.VtempeTests;
				PRODUCT_NAME = "$(TARGET_NAME)";
				SDKROOT = auto;
				STRING_CATALOG_GENERATE_SYMBOLS = NO;
				SUPPORTED_PLATFORMS = "iphoneos iphonesimulator macosx xros xrsimulator";
				SWIFT_APPROACHABLE_CONCURRENCY = YES;
				SWIFT_EMIT_LOC_STRINGS = NO;
				SWIFT_UPCOMING_FEATURE_MEMBER_IMPORT_VISIBILITY = YES;
				SWIFT_VERSION = 5.0;
				TARGETED_DEVICE_FAMILY = "1,2,7";
				TEST_HOST = "$(BUILT_PRODUCTS_DIR)/Vtempe.app/$(BUNDLE_EXECUTABLE_FOLDER_PATH)/Vtempe";
				XROS_DEPLOYMENT_TARGET = 26.1;
			};
			name = Debug;
		};
		401127C22EE7611E00FDCDE6 /* Release */ = {
			isa = XCBuildConfiguration;
			buildSettings = {
				BUNDLE_LOADER = "$(TEST_HOST)";
				CODE_SIGN_STYLE = Automatic;
				CURRENT_PROJECT_VERSION = 1;
				GENERATE_INFOPLIST_FILE = YES;
				IPHONEOS_DEPLOYMENT_TARGET = 26.1;
				MACOSX_DEPLOYMENT_TARGET = 26.1;
				MARKETING_VERSION = 1.0;
				PRODUCT_BUNDLE_IDENTIFIER = com.abraham.VtempeTests;
				PRODUCT_NAME = "$(TARGET_NAME)";
				SDKROOT = auto;
				STRING_CATALOG_GENERATE_SYMBOLS = NO;
				SUPPORTED_PLATFORMS = "iphoneos iphonesimulator macosx xros xrsimulator";
				SWIFT_APPROACHABLE_CONCURRENCY = YES;
				SWIFT_EMIT_LOC_STRINGS = NO;
				SWIFT_UPCOMING_FEATURE_MEMBER_IMPORT_VISIBILITY = YES;
				SWIFT_VERSION = 5.0;
				TARGETED_DEVICE_FAMILY = "1,2,7";
				TEST_HOST = "$(BUILT_PRODUCTS_DIR)/Vtempe.app/$(BUNDLE_EXECUTABLE_FOLDER_PATH)/Vtempe";
				XROS_DEPLOYMENT_TARGET = 26.1;
			};
			name = Release;
		};
		401127C42EE7611E00FDCDE6 /* Debug */ = {
			isa = XCBuildConfiguration;
			buildSettings = {
				CODE_SIGN_STYLE = Automatic;
				CURRENT_PROJECT_VERSION = 1;
				GENERATE_INFOPLIST_FILE = YES;
				IPHONEOS_DEPLOYMENT_TARGET = 26.1;
				MACOSX_DEPLOYMENT_TARGET = 26.1;
				MARKETING_VERSION = 1.0;
				PRODUCT_BUNDLE_IDENTIFIER = com.abraham.VtempeUITests;
				PRODUCT_NAME = "$(TARGET_NAME)";
				SDKROOT = auto;
				STRING_CATALOG_GENERATE_SYMBOLS = NO;
				SUPPORTED_PLATFORMS = "iphoneos iphonesimulator macosx xros xrsimulator";
				SWIFT_APPROACHABLE_CONCURRENCY = YES;
				SWIFT_EMIT_LOC_STRINGS = NO;
				SWIFT_UPCOMING_FEATURE_MEMBER_IMPORT_VISIBILITY = YES;
				SWIFT_VERSION = 5.0;
				TARGETED_DEVICE_FAMILY = "1,2,7";
				TEST_TARGET_NAME = Vtempe;
				XROS_DEPLOYMENT_TARGET = 26.1;
			};
			name = Debug;
		};
		401127C52EE7611E00FDCDE6 /* Release */ = {
			isa = XCBuildConfiguration;
			buildSettings = {
				CODE_SIGN_STYLE = Automatic;
				CURRENT_PROJECT_VERSION = 1;
				GENERATE_INFOPLIST_FILE = YES;
				IPHONEOS_DEPLOYMENT_TARGET = 26.1;
				MACOSX_DEPLOYMENT_TARGET = 26.1;
				MARKETING_VERSION = 1.0;
				PRODUCT_BUNDLE_IDENTIFIER = com.abraham.VtempeUITests;
				PRODUCT_NAME = "$(TARGET_NAME)";
				SDKROOT = auto;
				STRING_CATALOG_GENERATE_SYMBOLS = NO;
				SUPPORTED_PLATFORMS = "iphoneos iphonesimulator macosx xros xrsimulator";
				SWIFT_APPROACHABLE_CONCURRENCY = YES;
				SWIFT_EMIT_LOC_STRINGS = NO;
				SWIFT_UPCOMING_FEATURE_MEMBER_IMPORT_VISIBILITY = YES;
				SWIFT_VERSION = 5.0;
				TARGETED_DEVICE_FAMILY = "1,2,7";
				TEST_TARGET_NAME = Vtempe;
				XROS_DEPLOYMENT_TARGET = 26.1;
			};
			name = Release;
		};
/* End XCBuildConfiguration section */

/* Begin XCConfigurationList section */
		401127972EE7611D00FDCDE6 /* Build configuration list for PBXProject "Vtempe" */ = {
			isa = XCConfigurationList;
			buildConfigurations = (
				401127BB2EE7611E00FDCDE6 /* Debug */,
				401127BC2EE7611E00FDCDE6 /* Release */,
			);
			defaultConfigurationIsVisible = 0;
			defaultConfigurationName = Release;
		};
		401127BD2EE7611E00FDCDE6 /* Build configuration list for PBXNativeTarget "Vtempe" */ = {
			isa = XCConfigurationList;
			buildConfigurations = (
				401127BE2EE7611E00FDCDE6 /* Debug */,
				401127BF2EE7611E00FDCDE6 /* Release */,
			);
			defaultConfigurationIsVisible = 0;
			defaultConfigurationName = Release;
		};
		401127C02EE7611E00FDCDE6 /* Build configuration list for PBXNativeTarget "VtempeTests" */ = {
			isa = XCConfigurationList;
			buildConfigurations = (
				401127C12EE7611E00FDCDE6 /* Debug */,
				401127C22EE7611E00FDCDE6 /* Release */,
			);
			defaultConfigurationIsVisible = 0;
			defaultConfigurationName = Release;
		};
		401127C32EE7611E00FDCDE6 /* Build configuration list for PBXNativeTarget "VtempeUITests" */ = {
			isa = XCConfigurationList;
			buildConfigurations = (
				401127C42EE7611E00FDCDE6 /* Debug */,
				401127C52EE7611E00FDCDE6 /* Release */,
			);
			defaultConfigurationIsVisible = 0;
			defaultConfigurationName = Release;
		};
/* End XCConfigurationList section */
	};
	rootObject = 401127942EE7611D00FDCDE6 /* Project object */;
}
